// !$*UTF8*$!
{
	archiveVersion = 1;
	classes = {
	};
	objectVersion = 50;
	objects = {

/* Begin PBXBuildFile section */
		91011A9921313A00003BA2BD /* AppDelegate.swift in Sources */ = {isa = PBXBuildFile; fileRef = 91011A9821313A00003BA2BD /* AppDelegate.swift */; };
		91011A9B21313A00003BA2BD /* FilmsTableViewController.swift in Sources */ = {isa = PBXBuildFile; fileRef = 91011A9A21313A00003BA2BD /* FilmsTableViewController.swift */; };
		91011A9E21313A00003BA2BD /* Main.storyboard in Resources */ = {isa = PBXBuildFile; fileRef = 91011A9C21313A00003BA2BD /* Main.storyboard */; };
		91011AA021313A02003BA2BD /* Assets.xcassets in Resources */ = {isa = PBXBuildFile; fileRef = 91011A9F21313A02003BA2BD /* Assets.xcassets */; };
		91011AA321313A02003BA2BD /* LaunchScreen.storyboard in Resources */ = {isa = PBXBuildFile; fileRef = 91011AA121313A02003BA2BD /* LaunchScreen.storyboard */; };
		91011AB321313CC4003BA2BD /* StyleController.swift in Sources */ = {isa = PBXBuildFile; fileRef = 91011AB221313CC4003BA2BD /* StyleController.swift */; };
		91011AB521313E1F003BA2BD /* Character.swift in Sources */ = {isa = PBXBuildFile; fileRef = 91011AB421313E1F003BA2BD /* Character.swift */; };
		91011AB721313E48003BA2BD /* Film.swift in Sources */ = {isa = PBXBuildFile; fileRef = 91011AB621313E48003BA2BD /* Film.swift */; };
		91011AB921313EBF003BA2BD /* CharactersController.swift in Sources */ = {isa = PBXBuildFile; fileRef = 91011AB821313EBF003BA2BD /* CharactersController.swift */; };
		91011ABB213146A9003BA2BD /* FilmsController.swift in Sources */ = {isa = PBXBuildFile; fileRef = 91011ABA213146A9003BA2BD /* FilmsController.swift */; };
		91011ABF213159EC003BA2BD /* FilmTableViewCell.swift in Sources */ = {isa = PBXBuildFile; fileRef = 91011ABE213159EC003BA2BD /* FilmTableViewCell.swift */; };
		91011AC121316AD8003BA2BD /* FilmTableViewCell.xib in Resources */ = {isa = PBXBuildFile; fileRef = 91011AC021316AD7003BA2BD /* FilmTableViewCell.xib */; };
		91011AC321319C1C003BA2BD /* ErrorTableViewCell.xib in Resources */ = {isa = PBXBuildFile; fileRef = 91011AC221319C1C003BA2BD /* ErrorTableViewCell.xib */; };
		91011AC921319DB5003BA2BD /* ErrorTableViewCell.swift in Sources */ = {isa = PBXBuildFile; fileRef = 91011AC821319DB5003BA2BD /* ErrorTableViewCell.swift */; };
		91011ACC2131A1F2003BA2BD /* CharacterTableViewCell.swift in Sources */ = {isa = PBXBuildFile; fileRef = 91011ACA2131A1F2003BA2BD /* CharacterTableViewCell.swift */; };
		91011ACD2131A1F2003BA2BD /* CharacterTableViewCell.xib in Resources */ = {isa = PBXBuildFile; fileRef = 91011ACB2131A1F2003BA2BD /* CharacterTableViewCell.xib */; };
		91011ACF2131A480003BA2BD /* CharactersTableViewController.swift in Sources */ = {isa = PBXBuildFile; fileRef = 91011ACE2131A480003BA2BD /* CharactersTableViewController.swift */; };
		91011AD12131AB67003BA2BD /* FilmDetailTableViewController.swift in Sources */ = {isa = PBXBuildFile; fileRef = 91011AD02131AB67003BA2BD /* FilmDetailTableViewController.swift */; };
		91011AD42131AF66003BA2BD /* TitleTableViewCell.swift in Sources */ = {isa = PBXBuildFile; fileRef = 91011AD22131AF66003BA2BD /* TitleTableViewCell.swift */; };
		91011AD52131AF66003BA2BD /* TitleTableViewCell.xib in Resources */ = {isa = PBXBuildFile; fileRef = 91011AD32131AF66003BA2BD /* TitleTableViewCell.xib */; };
		91011AD72131BD19003BA2BD /* CharacterDetailViewController.swift in Sources */ = {isa = PBXBuildFile; fileRef = 91011AD62131BD19003BA2BD /* CharacterDetailViewController.swift */; };
		D5B25BFE75C566ADDCE66BA3 /* Pods_StarWars_Fans.framework in Frameworks */ = {isa = PBXBuildFile; fileRef = A56B48ABD8ADDD4E0DE4CD30 /* Pods_StarWars_Fans.framework */; };
/* End PBXBuildFile section */

/* Begin PBXFileReference section */
		91011A9521313A00003BA2BD /* StarWars Fans.app */ = {isa = PBXFileReference; explicitFileType = wrapper.application; includeInIndex = 0; path = "StarWars Fans.app"; sourceTree = BUILT_PRODUCTS_DIR; };
		91011A9821313A00003BA2BD /* AppDelegate.swift */ = {isa = PBXFileReference; lastKnownFileType = sourcecode.swift; path = AppDelegate.swift; sourceTree = "<group>"; };
		91011A9A21313A00003BA2BD /* FilmsTableViewController.swift */ = {isa = PBXFileReference; lastKnownFileType = sourcecode.swift; path = FilmsTableViewController.swift; sourceTree = "<group>"; };
		91011A9D21313A00003BA2BD /* Base */ = {isa = PBXFileReference; lastKnownFileType = file.storyboard; name = Base; path = Base.lproj/Main.storyboard; sourceTree = "<group>"; };
		91011A9F21313A02003BA2BD /* Assets.xcassets */ = {isa = PBXFileReference; lastKnownFileType = folder.assetcatalog; path = Assets.xcassets; sourceTree = "<group>"; };
		91011AA221313A02003BA2BD /* Base */ = {isa = PBXFileReference; lastKnownFileType = file.storyboard; name = Base; path = Base.lproj/LaunchScreen.storyboard; sourceTree = "<group>"; };
		91011AA421313A02003BA2BD /* Info.plist */ = {isa = PBXFileReference; lastKnownFileType = text.plist.xml; path = Info.plist; sourceTree = "<group>"; };
		91011AB221313CC4003BA2BD /* StyleController.swift */ = {isa = PBXFileReference; fileEncoding = 4; lastKnownFileType = sourcecode.swift; path = StyleController.swift; sourceTree = "<group>"; };
		91011AB421313E1F003BA2BD /* Character.swift */ = {isa = PBXFileReference; lastKnownFileType = sourcecode.swift; path = Character.swift; sourceTree = "<group>"; };
		91011AB621313E48003BA2BD /* Film.swift */ = {isa = PBXFileReference; lastKnownFileType = sourcecode.swift; path = Film.swift; sourceTree = "<group>"; };
		91011AB821313EBF003BA2BD /* CharactersController.swift */ = {isa = PBXFileReference; lastKnownFileType = sourcecode.swift; path = CharactersController.swift; sourceTree = "<group>"; };
		91011ABA213146A9003BA2BD /* FilmsController.swift */ = {isa = PBXFileReference; lastKnownFileType = sourcecode.swift; path = FilmsController.swift; sourceTree = "<group>"; };
		91011ABE213159EC003BA2BD /* FilmTableViewCell.swift */ = {isa = PBXFileReference; lastKnownFileType = sourcecode.swift; path = FilmTableViewCell.swift; sourceTree = "<group>"; };
		91011AC021316AD7003BA2BD /* FilmTableViewCell.xib */ = {isa = PBXFileReference; fileEncoding = 4; lastKnownFileType = file.xib; path = FilmTableViewCell.xib; sourceTree = "<group>"; };
		91011AC221319C1C003BA2BD /* ErrorTableViewCell.xib */ = {isa = PBXFileReference; lastKnownFileType = file.xib; path = ErrorTableViewCell.xib; sourceTree = "<group>"; };
		91011AC821319DB5003BA2BD /* ErrorTableViewCell.swift */ = {isa = PBXFileReference; lastKnownFileType = sourcecode.swift; path = ErrorTableViewCell.swift; sourceTree = "<group>"; };
		91011ACA2131A1F2003BA2BD /* CharacterTableViewCell.swift */ = {isa = PBXFileReference; lastKnownFileType = sourcecode.swift; path = CharacterTableViewCell.swift; sourceTree = "<group>"; };
		91011ACB2131A1F2003BA2BD /* CharacterTableViewCell.xib */ = {isa = PBXFileReference; lastKnownFileType = file.xib; path = CharacterTableViewCell.xib; sourceTree = "<group>"; };
		91011ACE2131A480003BA2BD /* CharactersTableViewController.swift */ = {isa = PBXFileReference; lastKnownFileType = sourcecode.swift; path = CharactersTableViewController.swift; sourceTree = "<group>"; };
		91011AD02131AB67003BA2BD /* FilmDetailTableViewController.swift */ = {isa = PBXFileReference; lastKnownFileType = sourcecode.swift; path = FilmDetailTableViewController.swift; sourceTree = "<group>"; };
		91011AD22131AF66003BA2BD /* TitleTableViewCell.swift */ = {isa = PBXFileReference; lastKnownFileType = sourcecode.swift; path = TitleTableViewCell.swift; sourceTree = "<group>"; };
		91011AD32131AF66003BA2BD /* TitleTableViewCell.xib */ = {isa = PBXFileReference; lastKnownFileType = file.xib; path = TitleTableViewCell.xib; sourceTree = "<group>"; };
		91011AD62131BD19003BA2BD /* CharacterDetailViewController.swift */ = {isa = PBXFileReference; lastKnownFileType = sourcecode.swift; path = CharacterDetailViewController.swift; sourceTree = "<group>"; };
		A56B48ABD8ADDD4E0DE4CD30 /* Pods_StarWars_Fans.framework */ = {isa = PBXFileReference; explicitFileType = wrapper.framework; includeInIndex = 0; path = Pods_StarWars_Fans.framework; sourceTree = BUILT_PRODUCTS_DIR; };
		B4C3287741C612FCFE8D17FD /* Pods-StarWars Fans.release.xcconfig */ = {isa = PBXFileReference; includeInIndex = 1; lastKnownFileType = text.xcconfig; name = "Pods-StarWars Fans.release.xcconfig"; path = "Pods/Target Support Files/Pods-StarWars Fans/Pods-StarWars Fans.release.xcconfig"; sourceTree = "<group>"; };
		E7E1527C84D2EA1CD9E962FF /* Pods-StarWars Fans.debug.xcconfig */ = {isa = PBXFileReference; includeInIndex = 1; lastKnownFileType = text.xcconfig; name = "Pods-StarWars Fans.debug.xcconfig"; path = "Pods/Target Support Files/Pods-StarWars Fans/Pods-StarWars Fans.debug.xcconfig"; sourceTree = "<group>"; };
/* End PBXFileReference section */

/* Begin PBXFrameworksBuildPhase section */
		91011A9221313A00003BA2BD /* Frameworks */ = {
			isa = PBXFrameworksBuildPhase;
			buildActionMask = 2147483647;
			files = (
				D5B25BFE75C566ADDCE66BA3 /* Pods_StarWars_Fans.framework in Frameworks */,
			);
			runOnlyForDeploymentPostprocessing = 0;
		};
/* End PBXFrameworksBuildPhase section */

/* Begin PBXGroup section */
		5032EF288B5ADD1B643723D2 /* Frameworks */ = {
			isa = PBXGroup;
			children = (
				A56B48ABD8ADDD4E0DE4CD30 /* Pods_StarWars_Fans.framework */,
			);
			name = Frameworks;
			sourceTree = "<group>";
		};
		8D863CCE407EAB813D10B9E9 /* Pods */ = {
			isa = PBXGroup;
			children = (
				E7E1527C84D2EA1CD9E962FF /* Pods-StarWars Fans.debug.xcconfig */,
				B4C3287741C612FCFE8D17FD /* Pods-StarWars Fans.release.xcconfig */,
			);
			name = Pods;
			sourceTree = "<group>";
		};
		91011A8C21313A00003BA2BD = {
			isa = PBXGroup;
			children = (
				91011A9721313A00003BA2BD /* StarWars Fans */,
				91011A9621313A00003BA2BD /* Products */,
				8D863CCE407EAB813D10B9E9 /* Pods */,
				5032EF288B5ADD1B643723D2 /* Frameworks */,
			);
			sourceTree = "<group>";
		};
		91011A9621313A00003BA2BD /* Products */ = {
			isa = PBXGroup;
			children = (
				91011A9521313A00003BA2BD /* StarWars Fans.app */,
			);
			name = Products;
			sourceTree = "<group>";
		};
		91011A9721313A00003BA2BD /* StarWars Fans */ = {
			isa = PBXGroup;
			children = (
				91011A9821313A00003BA2BD /* AppDelegate.swift */,
				91011A9F21313A02003BA2BD /* Assets.xcassets */,
				91011AAB21313BA6003BA2BD /* Controller */,
				91011AA421313A02003BA2BD /* Info.plist */,
				91011AAD21313BBB003BA2BD /* Model */,
				91011AAC21313BAE003BA2BD /* View */,
			);
			path = "StarWars Fans";
			sourceTree = "<group>";
		};
		91011AAB21313BA6003BA2BD /* Controller */ = {
			isa = PBXGroup;
			children = (
				91011AB821313EBF003BA2BD /* CharactersController.swift */,
				91011ABA213146A9003BA2BD /* FilmsController.swift */,
			);
			path = Controller;
			sourceTree = "<group>";
		};
		91011AAC21313BAE003BA2BD /* View */ = {
			isa = PBXGroup;
			children = (
				91011AB121313BE0003BA2BD /* Storyboard */,
				91011AB021313BD8003BA2BD /* Cells */,
				91011AAF21313BD1003BA2BD /* Styles */,
				91011AAE21313BC6003BA2BD /* ViewController */,
			);
			path = View;
			sourceTree = "<group>";
		};
		91011AAD21313BBB003BA2BD /* Model */ = {
			isa = PBXGroup;
			children = (
				91011AB421313E1F003BA2BD /* Character.swift */,
				91011AB621313E48003BA2BD /* Film.swift */,
			);
			path = Model;
			sourceTree = "<group>";
		};
		91011AAE21313BC6003BA2BD /* ViewController */ = {
			isa = PBXGroup;
			children = (
				91011A9A21313A00003BA2BD /* FilmsTableViewController.swift */,
				91011ACE2131A480003BA2BD /* CharactersTableViewController.swift */,
				91011AD02131AB67003BA2BD /* FilmDetailTableViewController.swift */,
				91011AD62131BD19003BA2BD /* CharacterDetailViewController.swift */,
			);
			path = ViewController;
			sourceTree = "<group>";
		};
		91011AAF21313BD1003BA2BD /* Styles */ = {
			isa = PBXGroup;
			children = (
				91011AB221313CC4003BA2BD /* StyleController.swift */,
			);
			path = Styles;
			sourceTree = "<group>";
		};
		91011AB021313BD8003BA2BD /* Cells */ = {
			isa = PBXGroup;
			children = (
				91011ACA2131A1F2003BA2BD /* CharacterTableViewCell.swift */,
				91011ACB2131A1F2003BA2BD /* CharacterTableViewCell.xib */,
				91011AC821319DB5003BA2BD /* ErrorTableViewCell.swift */,
				91011AC221319C1C003BA2BD /* ErrorTableViewCell.xib */,
				91011ABE213159EC003BA2BD /* FilmTableViewCell.swift */,
				91011AC021316AD7003BA2BD /* FilmTableViewCell.xib */,
				91011AD22131AF66003BA2BD /* TitleTableViewCell.swift */,
				91011AD32131AF66003BA2BD /* TitleTableViewCell.xib */,
			);
			path = Cells;
			sourceTree = "<group>";
		};
		91011AB121313BE0003BA2BD /* Storyboard */ = {
			isa = PBXGroup;
			children = (
				91011AA121313A02003BA2BD /* LaunchScreen.storyboard */,
				91011A9C21313A00003BA2BD /* Main.storyboard */,
			);
			path = Storyboard;
			sourceTree = "<group>";
		};
/* End PBXGroup section */

/* Begin PBXNativeTarget section */
		91011A9421313A00003BA2BD /* StarWars Fans */ = {
			isa = PBXNativeTarget;
			buildConfigurationList = 91011AA721313A02003BA2BD /* Build configuration list for PBXNativeTarget "StarWars Fans" */;
			buildPhases = (
				18830FA51848D88F33186F18 /* [CP] Check Pods Manifest.lock */,
				91011A9121313A00003BA2BD /* Sources */,
				91011A9221313A00003BA2BD /* Frameworks */,
				91011A9321313A00003BA2BD /* Resources */,
				32FF3402A452249987681F9D /* [CP] Embed Pods Frameworks */,
			);
			buildRules = (
			);
			dependencies = (
			);
			name = "StarWars Fans";
			productName = "StarWars Fans";
			productReference = 91011A9521313A00003BA2BD /* StarWars Fans.app */;
			productType = "com.apple.product-type.application";
		};
/* End PBXNativeTarget section */

/* Begin PBXProject section */
		91011A8D21313A00003BA2BD /* Project object */ = {
			isa = PBXProject;
			attributes = {
				LastSwiftUpdateCheck = 0940;
				LastUpgradeCheck = 0940;
				ORGANIZATIONNAME = "Angela Velilla";
				TargetAttributes = {
					91011A9421313A00003BA2BD = {
						CreatedOnToolsVersion = 9.4.1;
					};
				};
			};
			buildConfigurationList = 91011A9021313A00003BA2BD /* Build configuration list for PBXProject "StarWars Fans" */;
			compatibilityVersion = "Xcode 9.3";
			developmentRegion = en;
			hasScannedForEncodings = 0;
			knownRegions = (
				en,
				Base,
			);
			mainGroup = 91011A8C21313A00003BA2BD;
			productRefGroup = 91011A9621313A00003BA2BD /* Products */;
			projectDirPath = "";
			projectRoot = "";
			targets = (
				91011A9421313A00003BA2BD /* StarWars Fans */,
			);
		};
/* End PBXProject section */

/* Begin PBXResourcesBuildPhase section */
		91011A9321313A00003BA2BD /* Resources */ = {
			isa = PBXResourcesBuildPhase;
			buildActionMask = 2147483647;
			files = (
				91011AC321319C1C003BA2BD /* ErrorTableViewCell.xib in Resources */,
				91011AA321313A02003BA2BD /* LaunchScreen.storyboard in Resources */,
				91011AC121316AD8003BA2BD /* FilmTableViewCell.xib in Resources */,
				91011ACD2131A1F2003BA2BD /* CharacterTableViewCell.xib in Resources */,
				91011AD52131AF66003BA2BD /* TitleTableViewCell.xib in Resources */,
				91011AA021313A02003BA2BD /* Assets.xcassets in Resources */,
				91011A9E21313A00003BA2BD /* Main.storyboard in Resources */,
			);
			runOnlyForDeploymentPostprocessing = 0;
		};
/* End PBXResourcesBuildPhase section */

/* Begin PBXShellScriptBuildPhase section */
		18830FA51848D88F33186F18 /* [CP] Check Pods Manifest.lock */ = {
			isa = PBXShellScriptBuildPhase;
			buildActionMask = 2147483647;
			files = (
			);
			inputPaths = (
				"${PODS_PODFILE_DIR_PATH}/Podfile.lock",
				"${PODS_ROOT}/Manifest.lock",
			);
			name = "[CP] Check Pods Manifest.lock";
			outputPaths = (
				"$(DERIVED_FILE_DIR)/Pods-StarWars Fans-checkManifestLockResult.txt",
			);
			runOnlyForDeploymentPostprocessing = 0;
			shellPath = /bin/sh;
			shellScript = "diff \"${PODS_PODFILE_DIR_PATH}/Podfile.lock\" \"${PODS_ROOT}/Manifest.lock\" > /dev/null\nif [ $? != 0 ] ; then\n    # print error to STDERR\n    echo \"error: The sandbox is not in sync with the Podfile.lock. Run 'pod install' or update your CocoaPods installation.\" >&2\n    exit 1\nfi\n# This output is used by Xcode 'outputs' to avoid re-running this script phase.\necho \"SUCCESS\" > \"${SCRIPT_OUTPUT_FILE_0}\"\n";
			showEnvVarsInLog = 0;
		};
		32FF3402A452249987681F9D /* [CP] Embed Pods Frameworks */ = {
			isa = PBXShellScriptBuildPhase;
			buildActionMask = 2147483647;
			files = (
			);
			inputPaths = (
				"${SRCROOT}/Pods/Target Support Files/Pods-StarWars Fans/Pods-StarWars Fans-frameworks.sh",
				"${BUILT_PRODUCTS_DIR}/Alamofire/Alamofire.framework",
			);
			name = "[CP] Embed Pods Frameworks";
			outputPaths = (
				"${TARGET_BUILD_DIR}/${FRAMEWORKS_FOLDER_PATH}/Alamofire.framework",
			);
			runOnlyForDeploymentPostprocessing = 0;
			shellPath = /bin/sh;
			shellScript = "\"${SRCROOT}/Pods/Target Support Files/Pods-StarWars Fans/Pods-StarWars Fans-frameworks.sh\"\n";
			showEnvVarsInLog = 0;
		};
/* End PBXShellScriptBuildPhase section */

/* Begin PBXSourcesBuildPhase section */
		91011A9121313A00003BA2BD /* Sources */ = {
			isa = PBXSourcesBuildPhase;
			buildActionMask = 2147483647;
			files = (
				91011AB721313E48003BA2BD /* Film.swift in Sources */,
				91011ACF2131A480003BA2BD /* CharactersTableViewController.swift in Sources */,
				91011AD42131AF66003BA2BD /* TitleTableViewCell.swift in Sources */,
				91011AB921313EBF003BA2BD /* CharactersController.swift in Sources */,
				91011AC921319DB5003BA2BD /* ErrorTableViewCell.swift in Sources */,
				91011AD12131AB67003BA2BD /* FilmDetailTableViewController.swift in Sources */,
				91011ABB213146A9003BA2BD /* FilmsController.swift in Sources */,
				91011A9B21313A00003BA2BD /* FilmsTableViewController.swift in Sources */,
				91011AB321313CC4003BA2BD /* StyleController.swift in Sources */,
				91011ABF213159EC003BA2BD /* FilmTableViewCell.swift in Sources */,
				91011ACC2131A1F2003BA2BD /* CharacterTableViewCell.swift in Sources */,
				91011AD72131BD19003BA2BD /* CharacterDetailViewController.swift in Sources */,
				91011A9921313A00003BA2BD /* AppDelegate.swift in Sources */,
				91011AB521313E1F003BA2BD /* Character.swift in Sources */,
			);
			runOnlyForDeploymentPostprocessing = 0;
		};
/* End PBXSourcesBuildPhase section */

/* Begin PBXVariantGroup section */
		91011A9C21313A00003BA2BD /* Main.storyboard */ = {
			isa = PBXVariantGroup;
			children = (
				91011A9D21313A00003BA2BD /* Base */,
			);
			name = Main.storyboard;
			sourceTree = "<group>";
		};
		91011AA121313A02003BA2BD /* LaunchScreen.storyboard */ = {
			isa = PBXVariantGroup;
			children = (
				91011AA221313A02003BA2BD /* Base */,
			);
			name = LaunchScreen.storyboard;
			sourceTree = "<group>";
		};
/* End PBXVariantGroup section */

/* Begin XCBuildConfiguration section */
		91011AA521313A02003BA2BD /* Debug */ = {
			isa = XCBuildConfiguration;
			buildSettings = {
				ALWAYS_SEARCH_USER_PATHS = NO;
				CLANG_ANALYZER_NONNULL = YES;
				CLANG_ANALYZER_NUMBER_OBJECT_CONVERSION = YES_AGGRESSIVE;
				CLANG_CXX_LANGUAGE_STANDARD = "gnu++14";
				CLANG_CXX_LIBRARY = "libc++";
				CLANG_ENABLE_MODULES = YES;
				CLANG_ENABLE_OBJC_ARC = YES;
				CLANG_ENABLE_OBJC_WEAK = YES;
				CLANG_WARN_BLOCK_CAPTURE_AUTORELEASING = YES;
				CLANG_WARN_BOOL_CONVERSION = YES;
				CLANG_WARN_COMMA = YES;
				CLANG_WARN_CONSTANT_CONVERSION = YES;
				CLANG_WARN_DEPRECATED_OBJC_IMPLEMENTATIONS = YES;
				CLANG_WARN_DIRECT_OBJC_ISA_USAGE = YES_ERROR;
				CLANG_WARN_DOCUMENTATION_COMMENTS = YES;
				CLANG_WARN_EMPTY_BODY = YES;
				CLANG_WARN_ENUM_CONVERSION = YES;
				CLANG_WARN_INFINITE_RECURSION = YES;
				CLANG_WARN_INT_CONVERSION = YES;
				CLANG_WARN_NON_LITERAL_NULL_CONVERSION = YES;
				CLANG_WARN_OBJC_IMPLICIT_RETAIN_SELF = YES;
				CLANG_WARN_OBJC_LITERAL_CONVERSION = YES;
				CLANG_WARN_OBJC_ROOT_CLASS = YES_ERROR;
				CLANG_WARN_RANGE_LOOP_ANALYSIS = YES;
				CLANG_WARN_STRICT_PROTOTYPES = YES;
				CLANG_WARN_SUSPICIOUS_MOVE = YES;
				CLANG_WARN_UNGUARDED_AVAILABILITY = YES_AGGRESSIVE;
				CLANG_WARN_UNREACHABLE_CODE = YES;
				CLANG_WARN__DUPLICATE_METHOD_MATCH = YES;
				CODE_SIGN_IDENTITY = "iPhone Developer";
				COPY_PHASE_STRIP = NO;
				DEBUG_INFORMATION_FORMAT = dwarf;
				ENABLE_STRICT_OBJC_MSGSEND = YES;
				ENABLE_TESTABILITY = YES;
				GCC_C_LANGUAGE_STANDARD = gnu11;
				GCC_DYNAMIC_NO_PIC = NO;
				GCC_NO_COMMON_BLOCKS = YES;
				GCC_OPTIMIZATION_LEVEL = 0;
				GCC_PREPROCESSOR_DEFINITIONS = (
					"DEBUG=1",
					"$(inherited)",
				);
				GCC_WARN_64_TO_32_BIT_CONVERSION = YES;
				GCC_WARN_ABOUT_RETURN_TYPE = YES_ERROR;
				GCC_WARN_UNDECLARED_SELECTOR = YES;
				GCC_WARN_UNINITIALIZED_AUTOS = YES_AGGRESSIVE;
				GCC_WARN_UNUSED_FUNCTION = YES;
				GCC_WARN_UNUSED_VARIABLE = YES;
				IPHONEOS_DEPLOYMENT_TARGET = 11.4;
				MTL_ENABLE_DEBUG_INFO = YES;
				ONLY_ACTIVE_ARCH = YES;
				SDKROOT = iphoneos;
				SWIFT_ACTIVE_COMPILATION_CONDITIONS = DEBUG;
				SWIFT_OPTIMIZATION_LEVEL = "-Onone";
			};
			name = Debug;
		};
		91011AA621313A02003BA2BD /* Release */ = {
			isa = XCBuildConfiguration;
			buildSettings = {
				ALWAYS_SEARCH_USER_PATHS = NO;
				CLANG_ANALYZER_NONNULL = YES;
				CLANG_ANALYZER_NUMBER_OBJECT_CONVERSION = YES_AGGRESSIVE;
				CLANG_CXX_LANGUAGE_STANDARD = "gnu++14";
				CLANG_CXX_LIBRARY = "libc++";
				CLANG_ENABLE_MODULES = YES;
				CLANG_ENABLE_OBJC_ARC = YES;
				CLANG_ENABLE_OBJC_WEAK = YES;
				CLANG_WARN_BLOCK_CAPTURE_AUTORELEASING = YES;
				CLANG_WARN_BOOL_CONVERSION = YES;
				CLANG_WARN_COMMA = YES;
				CLANG_WARN_CONSTANT_CONVERSION = YES;
				CLANG_WARN_DEPRECATED_OBJC_IMPLEMENTATIONS = YES;
				CLANG_WARN_DIRECT_OBJC_ISA_USAGE = YES_ERROR;
				CLANG_WARN_DOCUMENTATION_COMMENTS = YES;
				CLANG_WARN_EMPTY_BODY = YES;
				CLANG_WARN_ENUM_CONVERSION = YES;
				CLANG_WARN_INFINITE_RECURSION = YES;
				CLANG_WARN_INT_CONVERSION = YES;
				CLANG_WARN_NON_LITERAL_NULL_CONVERSION = YES;
				CLANG_WARN_OBJC_IMPLICIT_RETAIN_SELF = YES;
				CLANG_WARN_OBJC_LITERAL_CONVERSION = YES;
				CLANG_WARN_OBJC_ROOT_CLASS = YES_ERROR;
				CLANG_WARN_RANGE_LOOP_ANALYSIS = YES;
				CLANG_WARN_STRICT_PROTOTYPES = YES;
				CLANG_WARN_SUSPICIOUS_MOVE = YES;
				CLANG_WARN_UNGUARDED_AVAILABILITY = YES_AGGRESSIVE;
				CLANG_WARN_UNREACHABLE_CODE = YES;
				CLANG_WARN__DUPLICATE_METHOD_MATCH = YES;
				CODE_SIGN_IDENTITY = "iPhone Developer";
				COPY_PHASE_STRIP = NO;
				DEBUG_INFORMATION_FORMAT = "dwarf-with-dsym";
				ENABLE_NS_ASSERTIONS = NO;
				ENABLE_STRICT_OBJC_MSGSEND = YES;
				GCC_C_LANGUAGE_STANDARD = gnu11;
				GCC_NO_COMMON_BLOCKS = YES;
				GCC_WARN_64_TO_32_BIT_CONVERSION = YES;
				GCC_WARN_ABOUT_RETURN_TYPE = YES_ERROR;
				GCC_WARN_UNDECLARED_SELECTOR = YES;
				GCC_WARN_UNINITIALIZED_AUTOS = YES_AGGRESSIVE;
				GCC_WARN_UNUSED_FUNCTION = YES;
				GCC_WARN_UNUSED_VARIABLE = YES;
				IPHONEOS_DEPLOYMENT_TARGET = 11.4;
				MTL_ENABLE_DEBUG_INFO = NO;
				SDKROOT = iphoneos;
				SWIFT_COMPILATION_MODE = wholemodule;
				SWIFT_OPTIMIZATION_LEVEL = "-O";
				VALIDATE_PRODUCT = YES;
			};
			name = Release;
		};
		91011AA821313A02003BA2BD /* Debug */ = {
			isa = XCBuildConfiguration;
			baseConfigurationReference = E7E1527C84D2EA1CD9E962FF /* Pods-StarWars Fans.debug.xcconfig */;
			buildSettings = {
				ASSETCATALOG_COMPILER_APPICON_NAME = AppIcon;
				CODE_SIGN_STYLE = Automatic;
				INFOPLIST_FILE = "StarWars Fans/Info.plist";
				LD_RUNPATH_SEARCH_PATHS = (
					"$(inherited)",
					"@executable_path/Frameworks",
				);
				PRODUCT_BUNDLE_IDENTIFIER = "com.avelilag.StarWars-Fans";
				PRODUCT_NAME = "$(TARGET_NAME)";
				SWIFT_VERSION = 4.0;
				TARGETED_DEVICE_FAMILY = 1;
			};
			name = Debug;
		};
		91011AA921313A02003BA2BD /* Release */ = {
			isa = XCBuildConfiguration;
			baseConfigurationReference = B4C3287741C612FCFE8D17FD /* Pods-StarWars Fans.release.xcconfig */;
			buildSettings = {
				ASSETCATALOG_COMPILER_APPICON_NAME = AppIcon;
				CODE_SIGN_STYLE = Automatic;
				INFOPLIST_FILE = "StarWars Fans/Info.plist";
				LD_RUNPATH_SEARCH_PATHS = (
					"$(inherited)",
					"@executable_path/Frameworks",
				);
				PRODUCT_BUNDLE_IDENTIFIER = "com.avelilag.StarWars-Fans";
				PRODUCT_NAME = "$(TARGET_NAME)";
				SWIFT_VERSION = 4.0;
				TARGETED_DEVICE_FAMILY = 1;
			};
			name = Release;
		};
/* End XCBuildConfiguration section */

/* Begin XCConfigurationList section */
		91011A9021313A00003BA2BD /* Build configuration list for PBXProject "StarWars Fans" */ = {
			isa = XCConfigurationList;
			buildConfigurations = (
				91011AA521313A02003BA2BD /* Debug */,
				91011AA621313A02003BA2BD /* Release */,
			);
			defaultConfigurationIsVisible = 0;
			defaultConfigurationName = Release;
		};
		91011AA721313A02003BA2BD /* Build configuration list for PBXNativeTarget "StarWars Fans" */ = {
			isa = XCConfigurationList;
			buildConfigurations = (
				91011AA821313A02003BA2BD /* Debug */,
				91011AA921313A02003BA2BD /* Release */,
			);
			defaultConfigurationIsVisible = 0;
			defaultConfigurationName = Release;
		};
/* End XCConfigurationList section */
	};
	rootObject = 91011A8D21313A00003BA2BD /* Project object */;
}
